// !$*UTF8*$!
{
	archiveVersion = 1;
	classes = {
	};
	objectVersion = 48;
	objects = {

/* Begin PBXBuildFile section */
		3FEE946E1F684DCF00BD9E9E /* AppDelegate.swift in Sources */ = {isa = PBXBuildFile; fileRef = 3FEE946D1F684DCF00BD9E9E /* AppDelegate.swift */; };
		3FEE94701F684DCF00BD9E9E /* ViewController.swift in Sources */ = {isa = PBXBuildFile; fileRef = 3FEE946F1F684DCF00BD9E9E /* ViewController.swift */; };
		3FEE94731F684DCF00BD9E9E /* Main.storyboard in Resources */ = {isa = PBXBuildFile; fileRef = 3FEE94711F684DCF00BD9E9E /* Main.storyboard */; };
		3FEE94751F684DCF00BD9E9E /* Assets.xcassets in Resources */ = {isa = PBXBuildFile; fileRef = 3FEE94741F684DCF00BD9E9E /* Assets.xcassets */; };
		3FEE94781F684DCF00BD9E9E /* LaunchScreen.storyboard in Resources */ = {isa = PBXBuildFile; fileRef = 3FEE94761F684DCF00BD9E9E /* LaunchScreen.storyboard */; };
		3FEE94831F684DCF00BD9E9E /* Fun_TranslationsTests.swift in Sources */ = {isa = PBXBuildFile; fileRef = 3FEE94821F684DCF00BD9E9E /* Fun_TranslationsTests.swift */; };
		3FEE948E1F684DCF00BD9E9E /* Fun_TranslationsUITests.swift in Sources */ = {isa = PBXBuildFile; fileRef = 3FEE948D1F684DCF00BD9E9E /* Fun_TranslationsUITests.swift */; };
/* End PBXBuildFile section */

/* Begin PBXContainerItemProxy section */
		3FEE947F1F684DCF00BD9E9E /* PBXContainerItemProxy */ = {
			isa = PBXContainerItemProxy;
			containerPortal = 3FEE94621F684DCE00BD9E9E /* Project object */;
			proxyType = 1;
			remoteGlobalIDString = 3FEE94691F684DCF00BD9E9E;
			remoteInfo = "Fun-Translations";
		};
		3FEE948A1F684DCF00BD9E9E /* PBXContainerItemProxy */ = {
			isa = PBXContainerItemProxy;
			containerPortal = 3FEE94621F684DCE00BD9E9E /* Project object */;
			proxyType = 1;
			remoteGlobalIDString = 3FEE94691F684DCF00BD9E9E;
			remoteInfo = "Fun-Translations";
		};
/* End PBXContainerItemProxy section */

/* Begin PBXFileReference section */
		3FEE946A1F684DCF00BD9E9E /* Fun-Translations.app */ = {isa = PBXFileReference; explicitFileType = wrapper.application; includeInIndex = 0; path = "Fun-Translations.app"; sourceTree = BUILT_PRODUCTS_DIR; };
		3FEE946D1F684DCF00BD9E9E /* AppDelegate.swift */ = {isa = PBXFileReference; lastKnownFileType = sourcecode.swift; path = AppDelegate.swift; sourceTree = "<group>"; };
		3FEE946F1F684DCF00BD9E9E /* ViewController.swift */ = {isa = PBXFileReference; lastKnownFileType = sourcecode.swift; path = ViewController.swift; sourceTree = "<group>"; };
		3FEE94721F684DCF00BD9E9E /* Base */ = {isa = PBXFileReference; lastKnownFileType = file.storyboard; name = Base; path = Base.lproj/Main.storyboard; sourceTree = "<group>"; };
		3FEE94741F684DCF00BD9E9E /* Assets.xcassets */ = {isa = PBXFileReference; lastKnownFileType = folder.assetcatalog; path = Assets.xcassets; sourceTree = "<group>"; };
		3FEE94771F684DCF00BD9E9E /* Base */ = {isa = PBXFileReference; lastKnownFileType = file.storyboard; name = Base; path = Base.lproj/LaunchScreen.storyboard; sourceTree = "<group>"; };
		3FEE94791F684DCF00BD9E9E /* Info.plist */ = {isa = PBXFileReference; lastKnownFileType = text.plist.xml; path = Info.plist; sourceTree = "<group>"; };
		3FEE947E1F684DCF00BD9E9E /* Fun-TranslationsTests.xctest */ = {isa = PBXFileReference; explicitFileType = wrapper.cfbundle; includeInIndex = 0; path = "Fun-TranslationsTests.xctest"; sourceTree = BUILT_PRODUCTS_DIR; };
		3FEE94821F684DCF00BD9E9E /* Fun_TranslationsTests.swift */ = {isa = PBXFileReference; lastKnownFileType = sourcecode.swift; path = Fun_TranslationsTests.swift; sourceTree = "<group>"; };
		3FEE94841F684DCF00BD9E9E /* Info.plist */ = {isa = PBXFileReference; lastKnownFileType = text.plist.xml; path = Info.plist; sourceTree = "<group>"; };
		3FEE94891F684DCF00BD9E9E /* Fun-TranslationsUITests.xctest */ = {isa = PBXFileReference; explicitFileType = wrapper.cfbundle; includeInIndex = 0; path = "Fun-TranslationsUITests.xctest"; sourceTree = BUILT_PRODUCTS_DIR; };
		3FEE948D1F684DCF00BD9E9E /* Fun_TranslationsUITests.swift */ = {isa = PBXFileReference; lastKnownFileType = sourcecode.swift; path = Fun_TranslationsUITests.swift; sourceTree = "<group>"; };
		3FEE948F1F684DCF00BD9E9E /* Info.plist */ = {isa = PBXFileReference; lastKnownFileType = text.plist.xml; path = Info.plist; sourceTree = "<group>"; };
/* End PBXFileReference section */

/* Begin PBXFrameworksBuildPhase section */
		3FEE94671F684DCF00BD9E9E /* Frameworks */ = {
			isa = PBXFrameworksBuildPhase;
			buildActionMask = 2147483647;
			files = (
			);
			runOnlyForDeploymentPostprocessing = 0;
		};
		3FEE947B1F684DCF00BD9E9E /* Frameworks */ = {
			isa = PBXFrameworksBuildPhase;
			buildActionMask = 2147483647;
			files = (
			);
			runOnlyForDeploymentPostprocessing = 0;
		};
		3FEE94861F684DCF00BD9E9E /* Frameworks */ = {
			isa = PBXFrameworksBuildPhase;
			buildActionMask = 2147483647;
			files = (
			);
			runOnlyForDeploymentPostprocessing = 0;
		};
/* End PBXFrameworksBuildPhase section */

/* Begin PBXGroup section */
		3FEE94611F684DCE00BD9E9E = {
			isa = PBXGroup;
			children = (
				3FEE946C1F684DCF00BD9E9E /* Fun-Translations */,
				3FEE94811F684DCF00BD9E9E /* Fun-TranslationsTests */,
				3FEE948C1F684DCF00BD9E9E /* Fun-TranslationsUITests */,
				3FEE946B1F684DCF00BD9E9E /* Products */,
			);
			sourceTree = "<group>";
		};
		3FEE946B1F684DCF00BD9E9E /* Products */ = {
			isa = PBXGroup;
			children = (
				3FEE946A1F684DCF00BD9E9E /* Fun-Translations.app */,
				3FEE947E1F684DCF00BD9E9E /* Fun-TranslationsTests.xctest */,
				3FEE94891F684DCF00BD9E9E /* Fun-TranslationsUITests.xctest */,
			);
			name = Products;
			sourceTree = "<group>";
		};
		3FEE946C1F684DCF00BD9E9E /* Fun-Translations */ = {
			isa = PBXGroup;
			children = (
				3FEE946D1F684DCF00BD9E9E /* AppDelegate.swift */,
				3FEE946F1F684DCF00BD9E9E /* ViewController.swift */,
				3FEE94711F684DCF00BD9E9E /* Main.storyboard */,
				3FEE94741F684DCF00BD9E9E /* Assets.xcassets */,
				3FEE94761F684DCF00BD9E9E /* LaunchScreen.storyboard */,
				3FEE94791F684DCF00BD9E9E /* Info.plist */,
			);
			path = "Fun-Translations";
			sourceTree = "<group>";
		};
		3FEE94811F684DCF00BD9E9E /* Fun-TranslationsTests */ = {
			isa = PBXGroup;
			children = (
				3FEE94821F684DCF00BD9E9E /* Fun_TranslationsTests.swift */,
				3FEE94841F684DCF00BD9E9E /* Info.plist */,
			);
			path = "Fun-TranslationsTests";
			sourceTree = "<group>";
		};
		3FEE948C1F684DCF00BD9E9E /* Fun-TranslationsUITests */ = {
			isa = PBXGroup;
			children = (
				3FEE948D1F684DCF00BD9E9E /* Fun_TranslationsUITests.swift */,
				3FEE948F1F684DCF00BD9E9E /* Info.plist */,
			);
			path = "Fun-TranslationsUITests";
			sourceTree = "<group>";
		};
/* End PBXGroup section */

/* Begin PBXNativeTarget section */
		3FEE94691F684DCF00BD9E9E /* Fun-Translations */ = {
			isa = PBXNativeTarget;
			buildConfigurationList = 3FEE94921F684DCF00BD9E9E /* Build configuration list for PBXNativeTarget "Fun-Translations" */;
			buildPhases = (
				3FEE94661F684DCF00BD9E9E /* Sources */,
				3FEE94671F684DCF00BD9E9E /* Frameworks */,
				3FEE94681F684DCF00BD9E9E /* Resources */,
			);
			buildRules = (
			);
			dependencies = (
			);
			name = "Fun-Translations";
			productName = "Fun-Translations";
			productReference = 3FEE946A1F684DCF00BD9E9E /* Fun-Translations.app */;
			productType = "com.apple.product-type.application";
		};
		3FEE947D1F684DCF00BD9E9E /* Fun-TranslationsTests */ = {
			isa = PBXNativeTarget;
			buildConfigurationList = 3FEE94951F684DCF00BD9E9E /* Build configuration list for PBXNativeTarget "Fun-TranslationsTests" */;
			buildPhases = (
				3FEE947A1F684DCF00BD9E9E /* Sources */,
				3FEE947B1F684DCF00BD9E9E /* Frameworks */,
				3FEE947C1F684DCF00BD9E9E /* Resources */,
			);
			buildRules = (
			);
			dependencies = (
				3FEE94801F684DCF00BD9E9E /* PBXTargetDependency */,
			);
			name = "Fun-TranslationsTests";
			productName = "Fun-TranslationsTests";
			productReference = 3FEE947E1F684DCF00BD9E9E /* Fun-TranslationsTests.xctest */;
			productType = "com.apple.product-type.bundle.unit-test";
		};
		3FEE94881F684DCF00BD9E9E /* Fun-TranslationsUITests */ = {
			isa = PBXNativeTarget;
			buildConfigurationList = 3FEE94981F684DCF00BD9E9E /* Build configuration list for PBXNativeTarget "Fun-TranslationsUITests" */;
			buildPhases = (
				3FEE94851F684DCF00BD9E9E /* Sources */,
				3FEE94861F684DCF00BD9E9E /* Frameworks */,
				3FEE94871F684DCF00BD9E9E /* Resources */,
			);
			buildRules = (
			);
			dependencies = (
				3FEE948B1F684DCF00BD9E9E /* PBXTargetDependency */,
			);
			name = "Fun-TranslationsUITests";
			productName = "Fun-TranslationsUITests";
			productReference = 3FEE94891F684DCF00BD9E9E /* Fun-TranslationsUITests.xctest */;
			productType = "com.apple.product-type.bundle.ui-testing";
		};
/* End PBXNativeTarget section */

/* Begin PBXProject section */
		3FEE94621F684DCE00BD9E9E /* Project object */ = {
			isa = PBXProject;
			attributes = {
				LastSwiftUpdateCheck = 0900;
				LastUpgradeCheck = 0900;
				ORGANIZATIONNAME = plumovic;
				TargetAttributes = {
					3FEE94691F684DCF00BD9E9E = {
						CreatedOnToolsVersion = 9.0;
					};
					3FEE947D1F684DCF00BD9E9E = {
						CreatedOnToolsVersion = 9.0;
						TestTargetID = 3FEE94691F684DCF00BD9E9E;
					};
					3FEE94881F684DCF00BD9E9E = {
						CreatedOnToolsVersion = 9.0;
						TestTargetID = 3FEE94691F684DCF00BD9E9E;
					};
				};
			};
			buildConfigurationList = 3FEE94651F684DCE00BD9E9E /* Build configuration list for PBXProject "Fun-Translations" */;
			compatibilityVersion = "Xcode 8.0";
			developmentRegion = en;
			hasScannedForEncodings = 0;
			knownRegions = (
				en,
				Base,
			);
			mainGroup = 3FEE94611F684DCE00BD9E9E;
			productRefGroup = 3FEE946B1F684DCF00BD9E9E /* Products */;
			projectDirPath = "";
			projectRoot = "";
			targets = (
				3FEE94691F684DCF00BD9E9E /* Fun-Translations */,
				3FEE947D1F684DCF00BD9E9E /* Fun-TranslationsTests */,
				3FEE94881F684DCF00BD9E9E /* Fun-TranslationsUITests */,
			);
		};
/* End PBXProject section */

/* Begin PBXResourcesBuildPhase section */
		3FEE94681F684DCF00BD9E9E /* Resources */ = {
			isa = PBXResourcesBuildPhase;
			buildActionMask = 2147483647;
			files = (
				3FEE94781F684DCF00BD9E9E /* LaunchScreen.storyboard in Resources */,
				3FEE94751F684DCF00BD9E9E /* Assets.xcassets in Resources */,
				3FEE94731F684DCF00BD9E9E /* Main.storyboard in Resources */,
			);
			runOnlyForDeploymentPostprocessing = 0;
		};
		3FEE947C1F684DCF00BD9E9E /* Resources */ = {
			isa = PBXResourcesBuildPhase;
			buildActionMask = 2147483647;
			files = (
			);
			runOnlyForDeploymentPostprocessing = 0;
		};
		3FEE94871F684DCF00BD9E9E /* Resources */ = {
			isa = PBXResourcesBuildPhase;
			buildActionMask = 2147483647;
			files = (
			);
			runOnlyForDeploymentPostprocessing = 0;
		};
/* End PBXResourcesBuildPhase section */

/* Begin PBXSourcesBuildPhase section */
		3FEE94661F684DCF00BD9E9E /* Sources */ = {
			isa = PBXSourcesBuildPhase;
			buildActionMask = 2147483647;
			files = (
				3FEE94701F684DCF00BD9E9E /* ViewController.swift in Sources */,
				3FEE946E1F684DCF00BD9E9E /* AppDelegate.swift in Sources */,
			);
			runOnlyForDeploymentPostprocessing = 0;
		};
		3FEE947A1F684DCF00BD9E9E /* Sources */ = {
			isa = PBXSourcesBuildPhase;
			buildActionMask = 2147483647;
			files = (
				3FEE94831F684DCF00BD9E9E /* Fun_TranslationsTests.swift in Sources */,
			);
			runOnlyForDeploymentPostprocessing = 0;
		};
		3FEE94851F684DCF00BD9E9E /* Sources */ = {
			isa = PBXSourcesBuildPhase;
			buildActionMask = 2147483647;
			files = (
				3FEE948E1F684DCF00BD9E9E /* Fun_TranslationsUITests.swift in Sources */,
			);
			runOnlyForDeploymentPostprocessing = 0;
		};
/* End PBXSourcesBuildPhase section */

/* Begin PBXTargetDependency section */
		3FEE94801F684DCF00BD9E9E /* PBXTargetDependency */ = {
			isa = PBXTargetDependency;
			target = 3FEE94691F684DCF00BD9E9E /* Fun-Translations */;
			targetProxy = 3FEE947F1F684DCF00BD9E9E /* PBXContainerItemProxy */;
		};
		3FEE948B1F684DCF00BD9E9E /* PBXTargetDependency */ = {
			isa = PBXTargetDependency;
			target = 3FEE94691F684DCF00BD9E9E /* Fun-Translations */;
			targetProxy = 3FEE948A1F684DCF00BD9E9E /* PBXContainerItemProxy */;
		};
/* End PBXTargetDependency section */

/* Begin PBXVariantGroup section */
		3FEE94711F684DCF00BD9E9E /* Main.storyboard */ = {
			isa = PBXVariantGroup;
			children = (
				3FEE94721F684DCF00BD9E9E /* Base */,
			);
			name = Main.storyboard;
			sourceTree = "<group>";
		};
		3FEE94761F684DCF00BD9E9E /* LaunchScreen.storyboard */ = {
			isa = PBXVariantGroup;
			children = (
				3FEE94771F684DCF00BD9E9E /* Base */,
			);
			name = LaunchScreen.storyboard;
			sourceTree = "<group>";
		};
/* End PBXVariantGroup section */

/* Begin XCBuildConfiguration section */
		3FEE94901F684DCF00BD9E9E /* Debug */ = {
			isa = XCBuildConfiguration;
			buildSettings = {
				ALWAYS_SEARCH_USER_PATHS = NO;
				CLANG_ANALYZER_NONNULL = YES;
				CLANG_ANALYZER_NUMBER_OBJECT_CONVERSION = YES_AGGRESSIVE;
				CLANG_CXX_LANGUAGE_STANDARD = "gnu++14";
				CLANG_CXX_LIBRARY = "libc++";
				CLANG_ENABLE_MODULES = YES;
				CLANG_ENABLE_OBJC_ARC = YES;
				CLANG_WARN_BLOCK_CAPTURE_AUTORELEASING = YES;
				CLANG_WARN_BOOL_CONVERSION = YES;
				CLANG_WARN_COMMA = YES;
				CLANG_WARN_CONSTANT_CONVERSION = YES;
				CLANG_WARN_DIRECT_OBJC_ISA_USAGE = YES_ERROR;
				CLANG_WARN_DOCUMENTATION_COMMENTS = YES;
				CLANG_WARN_EMPTY_BODY = YES;
				CLANG_WARN_ENUM_CONVERSION = YES;
				CLANG_WARN_INFINITE_RECURSION = YES;
				CLANG_WARN_INT_CONVERSION = YES;
				CLANG_WARN_NON_LITERAL_NULL_CONVERSION = YES;
				CLANG_WARN_OBJC_LITERAL_CONVERSION = YES;
				CLANG_WARN_OBJC_ROOT_CLASS = YES_ERROR;
				CLANG_WARN_RANGE_LOOP_ANALYSIS = YES;
				CLANG_WARN_STRICT_PROTOTYPES = YES;
				CLANG_WARN_SUSPICIOUS_MOVE = YES;
				CLANG_WARN_UNGUARDED_AVAILABILITY = YES_AGGRESSIVE;
				CLANG_WARN_UNREACHABLE_CODE = YES;
				CLANG_WARN__DUPLICATE_METHOD_MATCH = YES;
				CODE_SIGN_IDENTITY = "iPhone Developer";
				COPY_PHASE_STRIP = NO;
				DEBUG_INFORMATION_FORMAT = dwarf;
				ENABLE_STRICT_OBJC_MSGSEND = YES;
				ENABLE_TESTABILITY = YES;
				GCC_C_LANGUAGE_STANDARD = gnu11;
				GCC_DYNAMIC_NO_PIC = NO;
				GCC_NO_COMMON_BLOCKS = YES;
				GCC_OPTIMIZATION_LEVEL = 0;
				GCC_PREPROCESSOR_DEFINITIONS = (
					"DEBUG=1",
					"$(inherited)",
				);
				GCC_WARN_64_TO_32_BIT_CONVERSION = YES;
				GCC_WARN_ABOUT_RETURN_TYPE = YES_ERROR;
				GCC_WARN_UNDECLARED_SELECTOR = YES;
				GCC_WARN_UNINITIALIZED_AUTOS = YES_AGGRESSIVE;
				GCC_WARN_UNUSED_FUNCTION = YES;
				GCC_WARN_UNUSED_VARIABLE = YES;
				IPHONEOS_DEPLOYMENT_TARGET = 11.0;
				MTL_ENABLE_DEBUG_INFO = YES;
				ONLY_ACTIVE_ARCH = YES;
				SDKROOT = iphoneos;
				SWIFT_ACTIVE_COMPILATION_CONDITIONS = DEBUG;
				SWIFT_OPTIMIZATION_LEVEL = "-Onone";
			};
			name = Debug;
		};
		3FEE94911F684DCF00BD9E9E /* Release */ = {
			isa = XCBuildConfiguration;
			buildSettings = {
				ALWAYS_SEARCH_USER_PATHS = NO;
				CLANG_ANALYZER_NONNULL = YES;
				CLANG_ANALYZER_NUMBER_OBJECT_CONVERSION = YES_AGGRESSIVE;
				CLANG_CXX_LANGUAGE_STANDARD = "gnu++14";
				CLANG_CXX_LIBRARY = "libc++";
				CLANG_ENABLE_MODULES = YES;
				CLANG_ENABLE_OBJC_ARC = YES;
				CLANG_WARN_BLOCK_CAPTURE_AUTORELEASING = YES;
				CLANG_WARN_BOOL_CONVERSION = YES;
				CLANG_WARN_COMMA = YES;
				CLANG_WARN_CONSTANT_CONVERSION = YES;
				CLANG_WARN_DIRECT_OBJC_ISA_USAGE = YES_ERROR;
				CLANG_WARN_DOCUMENTATION_COMMENTS = YES;
				CLANG_WARN_EMPTY_BODY = YES;
				CLANG_WARN_ENUM_CONVERSION = YES;
				CLANG_WARN_INFINITE_RECURSION = YES;
				CLANG_WARN_INT_CONVERSION = YES;
				CLANG_WARN_NON_LITERAL_NULL_CONVERSION = YES;
				CLANG_WARN_OBJC_LITERAL_CONVERSION = YES;
				CLANG_WARN_OBJC_ROOT_CLASS = YES_ERROR;
				CLANG_WARN_RANGE_LOOP_ANALYSIS = YES;
				CLANG_WARN_STRICT_PROTOTYPES = YES;
				CLANG_WARN_SUSPICIOUS_MOVE = YES;
				CLANG_WARN_UNGUARDED_AVAILABILITY = YES_AGGRESSIVE;
				CLANG_WARN_UNREACHABLE_CODE = YES;
				CLANG_WARN__DUPLICATE_METHOD_MATCH = YES;
				CODE_SIGN_IDENTITY = "iPhone Developer";
				COPY_PHASE_STRIP = NO;
				DEBUG_INFORMATION_FORMAT = "dwarf-with-dsym";
				ENABLE_NS_ASSERTIONS = NO;
				ENABLE_STRICT_OBJC_MSGSEND = YES;
				GCC_C_LANGUAGE_STANDARD = gnu11;
				GCC_NO_COMMON_BLOCKS = YES;
				GCC_WARN_64_TO_32_BIT_CONVERSION = YES;
				GCC_WARN_ABOUT_RETURN_TYPE = YES_ERROR;
				GCC_WARN_UNDECLARED_SELECTOR = YES;
				GCC_WARN_UNINITIALIZED_AUTOS = YES_AGGRESSIVE;
				GCC_WARN_UNUSED_FUNCTION = YES;
				GCC_WARN_UNUSED_VARIABLE = YES;
				IPHONEOS_DEPLOYMENT_TARGET = 11.0;
				MTL_ENABLE_DEBUG_INFO = NO;
				SDKROOT = iphoneos;
				SWIFT_OPTIMIZATION_LEVEL = "-Owholemodule";
				VALIDATE_PRODUCT = YES;
			};
			name = Release;
		};
		3FEE94931F684DCF00BD9E9E /* Debug */ = {
			isa = XCBuildConfiguration;
			buildSettings = {
				ASSETCATALOG_COMPILER_APPICON_NAME = AppIcon;
				INFOPLIST_FILE = "Fun-Translations/Info.plist";
				LD_RUNPATH_SEARCH_PATHS = "$(inherited) @executable_path/Frameworks";
				PRODUCT_BUNDLE_IDENTIFIER = "Lumovic.Fun-Translations";
				PRODUCT_NAME = "$(TARGET_NAME)";
				SWIFT_VERSION = 4.0;
				TARGETED_DEVICE_FAMILY = "1,2";
			};
			name = Debug;
		};
		3FEE94941F684DCF00BD9E9E /* Release */ = {
			isa = XCBuildConfiguration;
			buildSettings = {
				ASSETCATALOG_COMPILER_APPICON_NAME = AppIcon;
				INFOPLIST_FILE = "Fun-Translations/Info.plist";
				LD_RUNPATH_SEARCH_PATHS = "$(inherited) @executable_path/Frameworks";
				PRODUCT_BUNDLE_IDENTIFIER = "Lumovic.Fun-Translations";
				PRODUCT_NAME = "$(TARGET_NAME)";
				SWIFT_VERSION = 4.0;
				TARGETED_DEVICE_FAMILY = "1,2";
			};
			name = Release;
		};
		3FEE94961F684DCF00BD9E9E /* Debug */ = {
			isa = XCBuildConfiguration;
			buildSettings = {
				ALWAYS_EMBED_SWIFT_STANDARD_LIBRARIES = YES;
				BUNDLE_LOADER = "$(TEST_HOST)";
				INFOPLIST_FILE = "Fun-TranslationsTests/Info.plist";
				LD_RUNPATH_SEARCH_PATHS = "$(inherited) @executable_path/Frameworks @loader_path/Frameworks";
				PRODUCT_BUNDLE_IDENTIFIER = "Lumovic.Fun-TranslationsTests";
				PRODUCT_NAME = "$(TARGET_NAME)";
				SWIFT_VERSION = 4.0;
				TARGETED_DEVICE_FAMILY = "1,2";
				TEST_HOST = "$(BUILT_PRODUCTS_DIR)/Fun-Translations.app/Fun-Translations";
			};
			name = Debug;
		};
		3FEE94971F684DCF00BD9E9E /* Release */ = {
			isa = XCBuildConfiguration;
			buildSettings = {
				ALWAYS_EMBED_SWIFT_STANDARD_LIBRARIES = YES;
				BUNDLE_LOADER = "$(TEST_HOST)";
				INFOPLIST_FILE = "Fun-TranslationsTests/Info.plist";
				LD_RUNPATH_SEARCH_PATHS = "$(inherited) @executable_path/Frameworks @loader_path/Frameworks";
				PRODUCT_BUNDLE_IDENTIFIER = "Lumovic.Fun-TranslationsTests";
				PRODUCT_NAME = "$(TARGET_NAME)";
				SWIFT_VERSION = 4.0;
				TARGETED_DEVICE_FAMILY = "1,2";
				TEST_HOST = "$(BUILT_PRODUCTS_DIR)/Fun-Translations.app/Fun-Translations";
			};
			name = Release;
		};
		3FEE94991F684DCF00BD9E9E /* Debug */ = {
			isa = XCBuildConfiguration;
			buildSettings = {
				ALWAYS_EMBED_SWIFT_STANDARD_LIBRARIES = YES;
				INFOPLIST_FILE = "Fun-TranslationsUITests/Info.plist";
				LD_RUNPATH_SEARCH_PATHS = "$(inherited) @executable_path/Frameworks @loader_path/Frameworks";
				PRODUCT_BUNDLE_IDENTIFIER = "Lumovic.Fun-TranslationsUITests";
				PRODUCT_NAME = "$(TARGET_NAME)";
				SWIFT_VERSION = 4.0;
				TARGETED_DEVICE_FAMILY = "1,2";
				TEST_TARGET_NAME = "Fun-Translations";
			};
			name = Debug;
		};
		3FEE949A1F684DCF00BD9E9E /* Release */ = {
			isa = XCBuildConfiguration;
			buildSettings = {
				ALWAYS_EMBED_SWIFT_STANDARD_LIBRARIES = YES;
				INFOPLIST_FILE = "Fun-TranslationsUITests/Info.plist";
				LD_RUNPATH_SEARCH_PATHS = "$(inherited) @executable_path/Frameworks @loader_path/Frameworks";
				PRODUCT_BUNDLE_IDENTIFIER = "Lumovic.Fun-TranslationsUITests";
				PRODUCT_NAME = "$(TARGET_NAME)";
				SWIFT_VERSION = 4.0;
				TARGETED_DEVICE_FAMILY = "1,2";
				TEST_TARGET_NAME = "Fun-Translations";
			};
			name = Release;
		};
/* End XCBuildConfiguration section */

/* Begin XCConfigurationList section */
		3FEE94651F684DCE00BD9E9E /* Build configuration list for PBXProject "Fun-Translations" */ = {
			isa = XCConfigurationList;
			buildConfigurations = (
				3FEE94901F684DCF00BD9E9E /* Debug */,
				3FEE94911F684DCF00BD9E9E /* Release */,
			);
			defaultConfigurationIsVisible = 0;
			defaultConfigurationName = Release;
		};
		3FEE94921F684DCF00BD9E9E /* Build configuration list for PBXNativeTarget "Fun-Translations" */ = {
			isa = XCConfigurationList;
			buildConfigurations = (
				3FEE94931F684DCF00BD9E9E /* Debug */,
				3FEE94941F684DCF00BD9E9E /* Release */,
			);
			defaultConfigurationIsVisible = 0;
			defaultConfigurationName = Release;
		};
		3FEE94951F684DCF00BD9E9E /* Build configuration list for PBXNativeTarget "Fun-TranslationsTests" */ = {
			isa = XCConfigurationList;
			buildConfigurations = (
				3FEE94961F684DCF00BD9E9E /* Debug */,
				3FEE94971F684DCF00BD9E9E /* Release */,
			);
			defaultConfigurationIsVisible = 0;
			defaultConfigurationName = Release;
		};
		3FEE94981F684DCF00BD9E9E /* Build configuration list for PBXNativeTarget "Fun-TranslationsUITests" */ = {
			isa = XCConfigurationList;
			buildConfigurations = (
				3FEE94991F684DCF00BD9E9E /* Debug */,
				3FEE949A1F684DCF00BD9E9E /* Release */,
			);
			defaultConfigurationIsVisible = 0;
			defaultConfigurationName = Release;
		};
/* End XCConfigurationList section */
	};
	rootObject = 3FEE94621F684DCE00BD9E9E /* Project object */;
}
